<?xml version="1.0" encoding="utf-8"?>
<Project ToolsVersion="4.0" xmlns="http://schemas.microsoft.com/developer/msbuild/2003">
  <ItemGroup>
    <Filter Include="Source Files">
      <UniqueIdentifier>{4FC737F1-C7A5-4376-A066-2A32D752A2FF}</UniqueIdentifier>
      <Extensions>cpp;c;cc;cxx;c++;cppm;ixx;def;odl;idl;hpj;bat;asm;asmx</Extensions>
    </Filter>
    <Filter Include="Resource Files">
      <UniqueIdentifier>{67DA6AB6-F800-4c08-8B7A-83BB121AAD01}</UniqueIdentifier>
      <Extensions>rc;ico;cur;bmp;dlg;rc2;rct;bin;rgs;gif;jpg;jpeg;jpe;resx;tiff;tif;png;wav;mfcribbon-ms</Extensions>
    </Filter>
    <Filter Include="Source Files\00. Core">
      <UniqueIdentifier>{40a5e8ea-df4f-471f-8f16-69f8b6262c73}</UniqueIdentifier>
    </Filter>
    <Filter Include="Source Files\99. Trash">
      <UniqueIdentifier>{795adbf9-9953-43e4-b342-c5a0ee4344d2}</UniqueIdentifier>
    </Filter>
    <Filter Include="Source Files\01. Manager">
      <UniqueIdentifier>{122877f1-c857-4f26-b3ac-b788c56fbf02}</UniqueIdentifier>
    </Filter>
    <Filter Include="Source Files\03. Object">
      <UniqueIdentifier>{ed3f8203-7b27-4d1d-92f9-70ac6f8b1f2c}</UniqueIdentifier>
    </Filter>
    <Filter Include="Source Files\02. Scene">
      <UniqueIdentifier>{e466d437-483c-434b-8936-58afc50cae0b}</UniqueIdentifier>
    </Filter>
  </ItemGroup>
  <ItemGroup>
    <ClInclude Include="targetver.h">
      <Filter>Source Files\99. Trash</Filter>
    </ClInclude>
    <ClInclude Include="framework.h">
      <Filter>Source Files\99. Trash</Filter>
    </ClInclude>
    <ClInclude Include="Resource.h">
      <Filter>Source Files\99. Trash</Filter>
    </ClInclude>
    <ClInclude Include="WinApi.h">
      <Filter>Source Files\99. Trash</Filter>
    </ClInclude>
    <ClInclude Include="pch.h">
      <Filter>Source Files\99. Trash</Filter>
    </ClInclude>
    <ClInclude Include="Enums.h">
      <Filter>Source Files\99. Trash</Filter>
    </ClInclude>
    <ClInclude Include="Core.h">
      <Filter>Source Files\00. Core</Filter>
    </ClInclude>
    <ClInclude Include="InputManager.h">
      <Filter>Source Files\01. Manager</Filter>
    </ClInclude>
    <ClInclude Include="TimeManager.h">
      <Filter>Source Files\01. Manager</Filter>
    </ClInclude>
    <ClInclude Include="SceneManager.h">
      <Filter>Source Files\01. Manager</Filter>
    </ClInclude>
    <ClInclude Include="Scene.h">
      <Filter>Source Files\02. Scene</Filter>
    </ClInclude>
    <ClInclude Include="SceneLobby.h">
      <Filter>Source Files\02. Scene</Filter>
    </ClInclude>
    <ClInclude Include="SceneDev.h">
      <Filter>Source Files\02. Scene</Filter>
    </ClInclude>
  </ItemGroup>
  <ItemGroup>
    <ResourceCompile Include="WinApi.rc">
      <Filter>Resource Files</Filter>
    </ResourceCompile>
  </ItemGroup>
  <ItemGroup>
    <Image Include="small.ico">
      <Filter>Resource Files</Filter>
    </Image>
    <Image Include="WinApi.ico">
      <Filter>Resource Files</Filter>
    </Image>
  </ItemGroup>
  <ItemGroup>
    <ClCompile Include="WinApi.cpp">
      <Filter>Source Files\00. Core</Filter>
    </ClCompile>
    <ClCompile Include="pch.cpp">
      <Filter>Source Files\99. Trash</Filter>
    </ClCompile>
    <ClCompile Include="Core.cpp">
      <Filter>Source Files\00. Core</Filter>
    </ClCompile>
    <ClCompile Include="InputManager.cpp">
      <Filter>Source Files\01. Manager</Filter>
    </ClCompile>
    <ClCompile Include="TimeManager.cpp">
      <Filter>Source Files\01. Manager</Filter>
    </ClCompile>
    <ClCompile Include="SceneManager.cpp">
      <Filter>Source Files\01. Manager</Filter>
    </ClCompile>
    <ClCompile Include="Scene.cpp">
      <Filter>Source Files\02. Scene</Filter>
    </ClCompile>
    <ClCompile Include="SceneLobby.cpp">
      <Filter>Source Files\02. Scene</Filter>
    </ClCompile>
    <ClCompile Include="SceneDev.cpp">
      <Filter>Source Files\02. Scene</Filter>
    </ClCompile>
  </ItemGroup>
</Project>